
Microsoft Visual Studio Solution File, Format Version 12.00
# Visual Studio 15
VisualStudioVersion = 15.0.27130.2027
MinimumVisualStudioVersion = 10.0.40219.1
Project("{9A19103F-16F7-4668-BE54-9A1E7A4F7556}") = "eCaiet.Test", "eCaiet.Test\eCaiet.Test.csproj", "{BFAE1634-90C3-47E2-9A87-C1E5B3B0FBD6}"
EndProject
Project("{9A19103F-16F7-4668-BE54-9A1E7A4F7556}") = "eCaiet.DAL", "eCaiet.DAL\eCaiet.DAL.csproj", "{894537E5-0E59-4C60-B2EA-87BA29907D1B}"
EndProject
Project("{9A19103F-16F7-4668-BE54-9A1E7A4F7556}") = "eCaiet.FE", "eCaiet.FE\eCaiet.FE.csproj", "{ACFB1D58-C9D2-4143-A24A-873900340EA4}"
EndProject
Project("{9A19103F-16F7-4668-BE54-9A1E7A4F7556}") = "eCaiet.BE", "eCaiet.BE\eCaiet.BE.csproj", "{F19AC33D-9F6D-4239-858F-3AB5458C9953}"
EndProject
Global
	GlobalSection(SolutionConfigurationPlatforms) = preSolution
		Debug|Any CPU = Debug|Any CPU
		Release|Any CPU = Release|Any CPU
	EndGlobalSection
	GlobalSection(ProjectConfigurationPlatforms) = postSolution
		{BFAE1634-90C3-47E2-9A87-C1E5B3B0FBD6}.Debug|Any CPU.ActiveCfg = Debug|Any CPU
		{BFAE1634-90C3-47E2-9A87-C1E5B3B0FBD6}.Debug|Any CPU.Build.0 = Debug|Any CPU
		{BFAE1634-90C3-47E2-9A87-C1E5B3B0FBD6}.Release|Any CPU.ActiveCfg = Release|Any CPU
		{BFAE1634-90C3-47E2-9A87-C1E5B3B0FBD6}.Release|Any CPU.Build.0 = Release|Any CPU
		{894537E5-0E59-4C60-B2EA-87BA29907D1B}.Debug|Any CPU.ActiveCfg = Debug|Any CPU
		{894537E5-0E59-4C60-B2EA-87BA29907D1B}.Debug|Any CPU.Build.0 = Debug|Any CPU
		{894537E5-0E59-4C60-B2EA-87BA29907D1B}.Release|Any CPU.ActiveCfg = Release|Any CPU
		{894537E5-0E59-4C60-B2EA-87BA29907D1B}.Release|Any CPU.Build.0 = Release|Any CPU
		{ACFB1D58-C9D2-4143-A24A-873900340EA4}.Debug|Any CPU.ActiveCfg = Debug|Any CPU
		{ACFB1D58-C9D2-4143-A24A-873900340EA4}.Debug|Any CPU.Build.0 = Debug|Any CPU
		{ACFB1D58-C9D2-4143-A24A-873900340EA4}.Release|Any CPU.ActiveCfg = Release|Any CPU
		{ACFB1D58-C9D2-4143-A24A-873900340EA4}.Release|Any CPU.Build.0 = Release|Any CPU
		{F19AC33D-9F6D-4239-858F-3AB5458C9953}.Debug|Any CPU.ActiveCfg = Debug|Any CPU
		{F19AC33D-9F6D-4239-858F-3AB5458C9953}.Debug|Any CPU.Build.0 = Debug|Any CPU
		{F19AC33D-9F6D-4239-858F-3AB5458C9953}.Release|Any CPU.ActiveCfg = Release|Any CPU
		{F19AC33D-9F6D-4239-858F-3AB5458C9953}.Release|Any CPU.Build.0 = Release|Any CPU
	EndGlobalSection
	GlobalSection(SolutionProperties) = preSolution
		HideSolutionNode = FALSE
	EndGlobalSection
	GlobalSection(ExtensibilityGlobals) = postSolution
		SolutionGuid = {7795AAF6-0E39-42C2-B90F-26CE715739E6}
	EndGlobalSection
EndGlobal
