
Microsoft Visual Studio Solution File, Format Version 12.00
# Visual Studio 15
VisualStudioVersion = 15.0.27130.2027
MinimumVisualStudioVersion = 10.0.40219.1
Project("{9A19103F-16F7-4668-BE54-9A1E7A4F7556}") = "eCaiet.Test", "eCaiet.Test\eCaiet.Test.csproj", "{BFAE1634-90C3-47E2-9A87-C1E5B3B0FBD6}"
EndProject
Project("{9A19103F-16F7-4668-BE54-9A1E7A4F7556}") = "eCaiet.DAL", "eCaiet.DAL\eCaiet.DAL.csproj", "{894537E5-0E59-4C60-B2EA-87BA29907D1B}"
EndProject
Project("{FAE04EC0-301F-11D3-BF4B-00C04F79EFBC}") = "eCaiet.BE", "eCaiet.BE\eCaiet.BE.csproj", "{C6C4536C-028E-4CDD-9F88-D44173DC104D}"
EndProject
Global
	GlobalSection(SolutionConfigurationPlatforms) = preSolution
		Debug|Any CPU = Debug|Any CPU
		Release|Any CPU = Release|Any CPU
	EndGlobalSection
	GlobalSection(ProjectConfigurationPlatforms) = postSolution
		{BFAE1634-90C3-47E2-9A87-C1E5B3B0FBD6}.Debug|Any CPU.ActiveCfg = Debug|Any CPU
		{BFAE1634-90C3-47E2-9A87-C1E5B3B0FBD6}.Debug|Any CPU.Build.0 = Debug|Any CPU
		{BFAE1634-90C3-47E2-9A87-C1E5B3B0FBD6}.Release|Any CPU.ActiveCfg = Release|Any CPU
		{BFAE1634-90C3-47E2-9A87-C1E5B3B0FBD6}.Release|Any CPU.Build.0 = Release|Any CPU
		{894537E5-0E59-4C60-B2EA-87BA29907D1B}.Debug|Any CPU.ActiveCfg = Debug|Any CPU
		{894537E5-0E59-4C60-B2EA-87BA29907D1B}.Debug|Any CPU.Build.0 = Debug|Any CPU
		{894537E5-0E59-4C60-B2EA-87BA29907D1B}.Release|Any CPU.ActiveCfg = Release|Any CPU
		{894537E5-0E59-4C60-B2EA-87BA29907D1B}.Release|Any CPU.Build.0 = Release|Any CPU
		{C6C4536C-028E-4CDD-9F88-D44173DC104D}.Debug|Any CPU.ActiveCfg = Debug|Any CPU
		{C6C4536C-028E-4CDD-9F88-D44173DC104D}.Debug|Any CPU.Build.0 = Debug|Any CPU
		{C6C4536C-028E-4CDD-9F88-D44173DC104D}.Release|Any CPU.ActiveCfg = Release|Any CPU
		{C6C4536C-028E-4CDD-9F88-D44173DC104D}.Release|Any CPU.Build.0 = Release|Any CPU
	EndGlobalSection
	GlobalSection(SolutionProperties) = preSolution
		HideSolutionNode = FALSE
	EndGlobalSection
	GlobalSection(ExtensibilityGlobals) = postSolution
		SolutionGuid = {7795AAF6-0E39-42C2-B90F-26CE715739E6}
	EndGlobalSection
EndGlobal
